{
  "name": "dms_app_mobile",
  "version": "1.0.0",
  "lockfileVersion": 1,
  "requires": true,
  "dependencies": {
    "crypto-js": {
      "version": "3.1.9-1"
    },
    "moment": {
      "version": "2.24.0"
    },
    "wx-jsencrypt": {
      "version": "3.0.0-rc.1.4",
      "resolved": "https://registry.npmjs.org/wx-jsencrypt/-/wx-jsencrypt-3.0.0-rc.1.4.tgz",
      "integrity": "sha512-/CXfdowUfEOejWj7cDESleS4zM6KEJzsJK7Au+XHsX3QbWBkIqyqkVGIkDDlyiKRNTaXbhFwR8Ls5pzceghqlQ=="
    }
  }
}
