# THIS IS AN AUTOGENERATED FILE. DO NOT EDIT THIS FILE DIRECTLY.
# yarn lockfile v1


crypto-js@^3.1.9-1:
  version "3.1.9-1"
  resolved "https://registry.yarnpkg.com/crypto-js/-/crypto-js-3.1.9-1.tgz#fda19e761fc077e01ffbfdc6e9fdfc59e8806cd8"
  integrity sha1-/aGedh/Ad+Af+/3G6f38WeiAbNg=

moment@^2.24.0:
  version "2.24.0"
  resolved "https://registry.yarnpkg.com/moment/-/moment-2.24.0.tgz#0d055d53f5052aa653c9f6eb68bb5d12bf5c2b5b"
  integrity sha512-bV7f+6l2QigeBBZSM/6yTNq4P2fNpSWj/0e7jQcy87A8e7o2nAfP/34/2ky5Vw4B9S446EtIhodAzkFCcR4dQg==

wx-jsencrypt@^3.0.0-rc.1.4:
  version "3.0.0-rc.1.4"
  resolved "https://registry.yarnpkg.com/wx-jsencrypt/-/wx-jsencrypt-3.0.0-rc.1.4.tgz#14aac6918a7e98cc1426a7611c6d5babaf747daa"
  integrity sha512-/CXfdowUfEOejWj7cDESleS4zM6KEJzsJK7Au+XHsX3QbWBkIqyqkVGIkDDlyiKRNTaXbhFwR8Ls5pzceghqlQ==
